
Microsoft Visual Studio Solution File, Format Version 12.00
# Visual Studio 14
VisualStudioVersion = 14.0.24720.0
MinimumVisualStudioVersion = 10.0.40219.1
Project("{FAE04EC0-301F-11D3-BF4B-00C04F79EFBC}") = "SimplexTool", "..\STACK\SimplexTools\SimplexTool.csproj", "{7C808526-57BF-4DBE-B1F1-AE390A7FCC08}"
	ProjectSection(ProjectDependencies) = postProject
		{CCEF8837-7020-4F81-B995-31AE89E28FDB} = {CCEF8837-7020-4F81-B995-31AE89E28FDB}
	EndProjectSection
EndProject
Project("{FAE04EC0-301F-11D3-BF4B-00C04F79EFBC}") = "SportsNetworkModel", "SportsNetworkModel\SportsNetworkModel.csproj", "{9532BA36-FC43-4289-90CB-9F7DFA9A4EA9}"
EndProject
Project("{FAE04EC0-301F-11D3-BF4B-00C04F79EFBC}") = "SportsNetworkBL", "SportsNetworkBL\SportsNetworkBL.csproj", "{16120660-CF09-493D-BEC6-87661C7C5D61}"
EndProject
Project("{FAE04EC0-301F-11D3-BF4B-00C04F79EFBC}") = "SportsNetworkWeb", "SportsNetworkWeb\SportsNetworkWeb.csproj", "{B096D71E-5A76-4536-B636-C8A1D601DD7D}"
EndProject
Project("{00D1A9C2-B5F0-4AF3-8072-F6C62B433612}") = "SportsNetworkDB", "SportsNetworkDB\SportsNetworkDB.sqlproj", "{CCEF8837-7020-4F81-B995-31AE89E28FDB}"
EndProject
Global
	GlobalSection(SolutionConfigurationPlatforms) = preSolution
		Debug|Any CPU = Debug|Any CPU
		Release|Any CPU = Release|Any CPU
	EndGlobalSection
	GlobalSection(ProjectConfigurationPlatforms) = postSolution
		{7C808526-57BF-4DBE-B1F1-AE390A7FCC08}.Debug|Any CPU.ActiveCfg = Debug|Any CPU
		{7C808526-57BF-4DBE-B1F1-AE390A7FCC08}.Debug|Any CPU.Build.0 = Debug|Any CPU
		{7C808526-57BF-4DBE-B1F1-AE390A7FCC08}.Release|Any CPU.ActiveCfg = Release|Any CPU
		{7C808526-57BF-4DBE-B1F1-AE390A7FCC08}.Release|Any CPU.Build.0 = Release|Any CPU
		{9532BA36-FC43-4289-90CB-9F7DFA9A4EA9}.Debug|Any CPU.ActiveCfg = Debug|Any CPU
		{9532BA36-FC43-4289-90CB-9F7DFA9A4EA9}.Debug|Any CPU.Build.0 = Debug|Any CPU
		{9532BA36-FC43-4289-90CB-9F7DFA9A4EA9}.Release|Any CPU.ActiveCfg = Release|Any CPU
		{9532BA36-FC43-4289-90CB-9F7DFA9A4EA9}.Release|Any CPU.Build.0 = Release|Any CPU
		{16120660-CF09-493D-BEC6-87661C7C5D61}.Debug|Any CPU.ActiveCfg = Debug|Any CPU
		{16120660-CF09-493D-BEC6-87661C7C5D61}.Debug|Any CPU.Build.0 = Debug|Any CPU
		{16120660-CF09-493D-BEC6-87661C7C5D61}.Release|Any CPU.ActiveCfg = Release|Any CPU
		{16120660-CF09-493D-BEC6-87661C7C5D61}.Release|Any CPU.Build.0 = Release|Any CPU
		{B096D71E-5A76-4536-B636-C8A1D601DD7D}.Debug|Any CPU.ActiveCfg = Debug|Any CPU
		{B096D71E-5A76-4536-B636-C8A1D601DD7D}.Debug|Any CPU.Build.0 = Debug|Any CPU
		{B096D71E-5A76-4536-B636-C8A1D601DD7D}.Release|Any CPU.ActiveCfg = Release|Any CPU
		{B096D71E-5A76-4536-B636-C8A1D601DD7D}.Release|Any CPU.Build.0 = Release|Any CPU
		{CCEF8837-7020-4F81-B995-31AE89E28FDB}.Debug|Any CPU.ActiveCfg = Debug|Any CPU
		{CCEF8837-7020-4F81-B995-31AE89E28FDB}.Release|Any CPU.ActiveCfg = Release|Any CPU
		{CCEF8837-7020-4F81-B995-31AE89E28FDB}.Release|Any CPU.Build.0 = Release|Any CPU
		{CCEF8837-7020-4F81-B995-31AE89E28FDB}.Release|Any CPU.Deploy.0 = Release|Any CPU
	EndGlobalSection
	GlobalSection(SolutionProperties) = preSolution
		HideSolutionNode = FALSE
	EndGlobalSection
EndGlobal
